{
  "name": "lightning-bot",
  "version": "1.0.0",
  "lockfileVersion": 1,
  "requires": true,
  "dependencies": {
    "fs-nextra": {
      "version": "0.3.7",
      "resolved": "https://registry.npmjs.org/fs-nextra/-/fs-nextra-0.3.7.tgz",
      "integrity": "sha512-QHBRAZKiZiEaj1/p3+uDUYQZRsdaUOC2vVl+kZlfqvHDfJMu3QRI8TW4OKjc34VoS9+2Zd30DGD1w4AH8zUJxw=="
    },
    "klasa": {
      "version": "github:dirigeants/klasa#61dee4d557bf4d0258fe9203df466663ef350313",
      "from": "github:dirigeants/klasa",
      "requires": {
        "fs-nextra": "^0.3.2"
      }
    }
  }
}
